
Microsoft Visual Studio Solution File, Format Version 12.00
# Visual Studio 15
Project("{FAE04EC0-301F-11D3-BF4B-00C04F79EFBC}") = "SteamVR", "SteamVR.csproj", "{D0B4E51C-BA1A-5FCB-F2E9-159179083C75}"
EndProject
Project("{FAE04EC0-301F-11D3-BF4B-00C04F79EFBC}") = "SteamVR_Actions", "SteamVR_Actions.csproj", "{2F7CEA4E-10BD-F489-2D83-40272EBEBFC0}"
EndProject
Project("{FAE04EC0-301F-11D3-BF4B-00C04F79EFBC}") = "Assembly-CSharp", "Assembly-CSharp.csproj", "{ED5DEB94-33B7-AE05-4A4A-EDB61C04C6B7}"
EndProject
Project("{FAE04EC0-301F-11D3-BF4B-00C04F79EFBC}") = "VRM", "VRM.csproj", "{C5809478-E5BE-E355-8D6E-AB0639F1755E}"
EndProject
Project("{FAE04EC0-301F-11D3-BF4B-00C04F79EFBC}") = "UniJSON", "UniJSON.csproj", "{4355B06E-08BB-FE1D-ED04-E606D4966F4A}"
EndProject
Project("{FAE04EC0-301F-11D3-BF4B-00C04F79EFBC}") = "DepthFirstScheduler", "DepthFirstScheduler.csproj", "{A9A6FCE3-52DC-9174-FD8B-B9DC08CFF776}"
EndProject
Project("{FAE04EC0-301F-11D3-BF4B-00C04F79EFBC}") = "MToon", "MToon.csproj", "{B049DAE0-4689-6582-BB2C-058D909163B8}"
EndProject
Project("{FAE04EC0-301F-11D3-BF4B-00C04F79EFBC}") = "UniHumanoid", "UniHumanoid.csproj", "{FCF13443-9489-D37F-ADC8-129973C74CA5}"
EndProject
Project("{FAE04EC0-301F-11D3-BF4B-00C04F79EFBC}") = "ShaderProperty.Runtime", "ShaderProperty.Runtime.csproj", "{02B97B90-4768-F814-30C5-560AD79E441A}"
EndProject
Project("{FAE04EC0-301F-11D3-BF4B-00C04F79EFBC}") = "UniUnlit", "UniUnlit.csproj", "{AFA1DBB2-2232-2EDE-9BFF-5FE5FCF25932}"
EndProject
Project("{FAE04EC0-301F-11D3-BF4B-00C04F79EFBC}") = "SteamVR_Editor", "SteamVR_Editor.csproj", "{8CA37799-F550-11ED-98BB-912BDBA01394}"
EndProject
Project("{FAE04EC0-301F-11D3-BF4B-00C04F79EFBC}") = "SteamVR_Input_Editor", "SteamVR_Input_Editor.csproj", "{D4650411-6BCC-6961-DB64-184AE64ECC40}"
EndProject
Project("{FAE04EC0-301F-11D3-BF4B-00C04F79EFBC}") = "SteamVR_Windows_EditorHelper", "SteamVR_Windows_EditorHelper.csproj", "{73A61534-F233-5444-3FF8-29BE3DFB0C93}"
EndProject
Project("{FAE04EC0-301F-11D3-BF4B-00C04F79EFBC}") = "UniJSON.Editor.Tests", "UniJSON.Editor.Tests.csproj", "{3EA73C67-82F1-3397-49D5-114B5494FFC7}"
EndProject
Project("{FAE04EC0-301F-11D3-BF4B-00C04F79EFBC}") = "UniVRM.Editor", "UniVRM.Editor.csproj", "{54B5A318-3AF5-CC79-CFF2-75FE62174182}"
EndProject
Project("{FAE04EC0-301F-11D3-BF4B-00C04F79EFBC}") = "UniHumanoid.Editor", "UniHumanoid.Editor.csproj", "{9E7097AF-6B2C-488D-7C56-A556BA58533A}"
EndProject
Project("{FAE04EC0-301F-11D3-BF4B-00C04F79EFBC}") = "UniGLTF.Editor.Tests", "UniGLTF.Editor.Tests.csproj", "{B81E6DDA-A1B6-E69D-EB05-3128301E6BF2}"
EndProject
Project("{FAE04EC0-301F-11D3-BF4B-00C04F79EFBC}") = "UniGLTF.Editor", "UniGLTF.Editor.csproj", "{0C1D3A77-4B52-534A-D5DC-26F01B472146}"
EndProject
Project("{FAE04EC0-301F-11D3-BF4B-00C04F79EFBC}") = "UniVRM.Editor.Tests", "UniVRM.Editor.Tests.csproj", "{F65DD1E0-80E1-D00F-02C9-DD733B6C6B83}"
EndProject
Project("{FAE04EC0-301F-11D3-BF4B-00C04F79EFBC}") = "UniUnlit.Editor", "UniUnlit.Editor.csproj", "{19D8BE59-6FE8-5F8D-3212-15A73121F35E}"
EndProject
Project("{FAE04EC0-301F-11D3-BF4B-00C04F79EFBC}") = "ShaderProperty.Editor", "ShaderProperty.Editor.csproj", "{1C1BC99E-966C-8FFB-B46C-8EB7E52CFD54}"
EndProject
Project("{FAE04EC0-301F-11D3-BF4B-00C04F79EFBC}") = "MToon.Editor", "MToon.Editor.csproj", "{038C4494-E314-AEE9-109F-75E612C6A4CE}"
EndProject
Project("{FAE04EC0-301F-11D3-BF4B-00C04F79EFBC}") = "DepthFirstScheduler.Editor.Tests", "DepthFirstScheduler.Editor.Tests.csproj", "{393F5810-E3AD-DFEC-75C7-2E2100B1722C}"
EndProject
Project("{FAE04EC0-301F-11D3-BF4B-00C04F79EFBC}") = "UniHumanoid.Editor.Tests", "UniHumanoid.Editor.Tests.csproj", "{55536AB4-91D7-D561-C8B5-736CF809C7DB}"
EndProject
Global
	GlobalSection(SolutionConfigurationPlatforms) = preSolution
		Debug|Any CPU = Debug|Any CPU
		Release|Any CPU = Release|Any CPU
	EndGlobalSection
	GlobalSection(ProjectConfigurationPlatforms) = postSolution
		{D0B4E51C-BA1A-5FCB-F2E9-159179083C75}.Debug|Any CPU.ActiveCfg = Debug|Any CPU
		{D0B4E51C-BA1A-5FCB-F2E9-159179083C75}.Debug|Any CPU.Build.0 = Debug|Any CPU
		{D0B4E51C-BA1A-5FCB-F2E9-159179083C75}.Release|Any CPU.ActiveCfg = Release|Any CPU
		{D0B4E51C-BA1A-5FCB-F2E9-159179083C75}.Release|Any CPU.Build.0 = Release|Any CPU
		{2F7CEA4E-10BD-F489-2D83-40272EBEBFC0}.Debug|Any CPU.ActiveCfg = Debug|Any CPU
		{2F7CEA4E-10BD-F489-2D83-40272EBEBFC0}.Debug|Any CPU.Build.0 = Debug|Any CPU
		{2F7CEA4E-10BD-F489-2D83-40272EBEBFC0}.Release|Any CPU.ActiveCfg = Release|Any CPU
		{2F7CEA4E-10BD-F489-2D83-40272EBEBFC0}.Release|Any CPU.Build.0 = Release|Any CPU
		{ED5DEB94-33B7-AE05-4A4A-EDB61C04C6B7}.Debug|Any CPU.ActiveCfg = Debug|Any CPU
		{ED5DEB94-33B7-AE05-4A4A-EDB61C04C6B7}.Debug|Any CPU.Build.0 = Debug|Any CPU
		{ED5DEB94-33B7-AE05-4A4A-EDB61C04C6B7}.Release|Any CPU.ActiveCfg = Release|Any CPU
		{ED5DEB94-33B7-AE05-4A4A-EDB61C04C6B7}.Release|Any CPU.Build.0 = Release|Any CPU
		{C5809478-E5BE-E355-8D6E-AB0639F1755E}.Debug|Any CPU.ActiveCfg = Debug|Any CPU
		{C5809478-E5BE-E355-8D6E-AB0639F1755E}.Debug|Any CPU.Build.0 = Debug|Any CPU
		{C5809478-E5BE-E355-8D6E-AB0639F1755E}.Release|Any CPU.ActiveCfg = Release|Any CPU
		{C5809478-E5BE-E355-8D6E-AB0639F1755E}.Release|Any CPU.Build.0 = Release|Any CPU
		{4355B06E-08BB-FE1D-ED04-E606D4966F4A}.Debug|Any CPU.ActiveCfg = Debug|Any CPU
		{4355B06E-08BB-FE1D-ED04-E606D4966F4A}.Debug|Any CPU.Build.0 = Debug|Any CPU
		{4355B06E-08BB-FE1D-ED04-E606D4966F4A}.Release|Any CPU.ActiveCfg = Release|Any CPU
		{4355B06E-08BB-FE1D-ED04-E606D4966F4A}.Release|Any CPU.Build.0 = Release|Any CPU
		{A9A6FCE3-52DC-9174-FD8B-B9DC08CFF776}.Debug|Any CPU.ActiveCfg = Debug|Any CPU
		{A9A6FCE3-52DC-9174-FD8B-B9DC08CFF776}.Debug|Any CPU.Build.0 = Debug|Any CPU
		{A9A6FCE3-52DC-9174-FD8B-B9DC08CFF776}.Release|Any CPU.ActiveCfg = Release|Any CPU
		{A9A6FCE3-52DC-9174-FD8B-B9DC08CFF776}.Release|Any CPU.Build.0 = Release|Any CPU
		{B049DAE0-4689-6582-BB2C-058D909163B8}.Debug|Any CPU.ActiveCfg = Debug|Any CPU
		{B049DAE0-4689-6582-BB2C-058D909163B8}.Debug|Any CPU.Build.0 = Debug|Any CPU
		{B049DAE0-4689-6582-BB2C-058D909163B8}.Release|Any CPU.ActiveCfg = Release|Any CPU
		{B049DAE0-4689-6582-BB2C-058D909163B8}.Release|Any CPU.Build.0 = Release|Any CPU
		{FCF13443-9489-D37F-ADC8-129973C74CA5}.Debug|Any CPU.ActiveCfg = Debug|Any CPU
		{FCF13443-9489-D37F-ADC8-129973C74CA5}.Debug|Any CPU.Build.0 = Debug|Any CPU
		{FCF13443-9489-D37F-ADC8-129973C74CA5}.Release|Any CPU.ActiveCfg = Release|Any CPU
		{FCF13443-9489-D37F-ADC8-129973C74CA5}.Release|Any CPU.Build.0 = Release|Any CPU
		{02B97B90-4768-F814-30C5-560AD79E441A}.Debug|Any CPU.ActiveCfg = Debug|Any CPU
		{02B97B90-4768-F814-30C5-560AD79E441A}.Debug|Any CPU.Build.0 = Debug|Any CPU
		{02B97B90-4768-F814-30C5-560AD79E441A}.Release|Any CPU.ActiveCfg = Release|Any CPU
		{02B97B90-4768-F814-30C5-560AD79E441A}.Release|Any CPU.Build.0 = Release|Any CPU
		{AFA1DBB2-2232-2EDE-9BFF-5FE5FCF25932}.Debug|Any CPU.ActiveCfg = Debug|Any CPU
		{AFA1DBB2-2232-2EDE-9BFF-5FE5FCF25932}.Debug|Any CPU.Build.0 = Debug|Any CPU
		{AFA1DBB2-2232-2EDE-9BFF-5FE5FCF25932}.Release|Any CPU.ActiveCfg = Release|Any CPU
		{AFA1DBB2-2232-2EDE-9BFF-5FE5FCF25932}.Release|Any CPU.Build.0 = Release|Any CPU
		{8CA37799-F550-11ED-98BB-912BDBA01394}.Debug|Any CPU.ActiveCfg = Debug|Any CPU
		{8CA37799-F550-11ED-98BB-912BDBA01394}.Debug|Any CPU.Build.0 = Debug|Any CPU
		{8CA37799-F550-11ED-98BB-912BDBA01394}.Release|Any CPU.ActiveCfg = Release|Any CPU
		{8CA37799-F550-11ED-98BB-912BDBA01394}.Release|Any CPU.Build.0 = Release|Any CPU
		{D4650411-6BCC-6961-DB64-184AE64ECC40}.Debug|Any CPU.ActiveCfg = Debug|Any CPU
		{D4650411-6BCC-6961-DB64-184AE64ECC40}.Debug|Any CPU.Build.0 = Debug|Any CPU
		{D4650411-6BCC-6961-DB64-184AE64ECC40}.Release|Any CPU.ActiveCfg = Release|Any CPU
		{D4650411-6BCC-6961-DB64-184AE64ECC40}.Release|Any CPU.Build.0 = Release|Any CPU
		{73A61534-F233-5444-3FF8-29BE3DFB0C93}.Debug|Any CPU.ActiveCfg = Debug|Any CPU
		{73A61534-F233-5444-3FF8-29BE3DFB0C93}.Debug|Any CPU.Build.0 = Debug|Any CPU
		{73A61534-F233-5444-3FF8-29BE3DFB0C93}.Release|Any CPU.ActiveCfg = Release|Any CPU
		{73A61534-F233-5444-3FF8-29BE3DFB0C93}.Release|Any CPU.Build.0 = Release|Any CPU
		{3EA73C67-82F1-3397-49D5-114B5494FFC7}.Debug|Any CPU.ActiveCfg = Debug|Any CPU
		{3EA73C67-82F1-3397-49D5-114B5494FFC7}.Debug|Any CPU.Build.0 = Debug|Any CPU
		{3EA73C67-82F1-3397-49D5-114B5494FFC7}.Release|Any CPU.ActiveCfg = Release|Any CPU
		{3EA73C67-82F1-3397-49D5-114B5494FFC7}.Release|Any CPU.Build.0 = Release|Any CPU
		{54B5A318-3AF5-CC79-CFF2-75FE62174182}.Debug|Any CPU.ActiveCfg = Debug|Any CPU
		{54B5A318-3AF5-CC79-CFF2-75FE62174182}.Debug|Any CPU.Build.0 = Debug|Any CPU
		{54B5A318-3AF5-CC79-CFF2-75FE62174182}.Release|Any CPU.ActiveCfg = Release|Any CPU
		{54B5A318-3AF5-CC79-CFF2-75FE62174182}.Release|Any CPU.Build.0 = Release|Any CPU
		{9E7097AF-6B2C-488D-7C56-A556BA58533A}.Debug|Any CPU.ActiveCfg = Debug|Any CPU
		{9E7097AF-6B2C-488D-7C56-A556BA58533A}.Debug|Any CPU.Build.0 = Debug|Any CPU
		{9E7097AF-6B2C-488D-7C56-A556BA58533A}.Release|Any CPU.ActiveCfg = Release|Any CPU
		{9E7097AF-6B2C-488D-7C56-A556BA58533A}.Release|Any CPU.Build.0 = Release|Any CPU
		{B81E6DDA-A1B6-E69D-EB05-3128301E6BF2}.Debug|Any CPU.ActiveCfg = Debug|Any CPU
		{B81E6DDA-A1B6-E69D-EB05-3128301E6BF2}.Debug|Any CPU.Build.0 = Debug|Any CPU
		{B81E6DDA-A1B6-E69D-EB05-3128301E6BF2}.Release|Any CPU.ActiveCfg = Release|Any CPU
		{B81E6DDA-A1B6-E69D-EB05-3128301E6BF2}.Release|Any CPU.Build.0 = Release|Any CPU
		{0C1D3A77-4B52-534A-D5DC-26F01B472146}.Debug|Any CPU.ActiveCfg = Debug|Any CPU
		{0C1D3A77-4B52-534A-D5DC-26F01B472146}.Debug|Any CPU.Build.0 = Debug|Any CPU
		{0C1D3A77-4B52-534A-D5DC-26F01B472146}.Release|Any CPU.ActiveCfg = Release|Any CPU
		{0C1D3A77-4B52-534A-D5DC-26F01B472146}.Release|Any CPU.Build.0 = Release|Any CPU
		{F65DD1E0-80E1-D00F-02C9-DD733B6C6B83}.Debug|Any CPU.ActiveCfg = Debug|Any CPU
		{F65DD1E0-80E1-D00F-02C9-DD733B6C6B83}.Debug|Any CPU.Build.0 = Debug|Any CPU
		{F65DD1E0-80E1-D00F-02C9-DD733B6C6B83}.Release|Any CPU.ActiveCfg = Release|Any CPU
		{F65DD1E0-80E1-D00F-02C9-DD733B6C6B83}.Release|Any CPU.Build.0 = Release|Any CPU
		{19D8BE59-6FE8-5F8D-3212-15A73121F35E}.Debug|Any CPU.ActiveCfg = Debug|Any CPU
		{19D8BE59-6FE8-5F8D-3212-15A73121F35E}.Debug|Any CPU.Build.0 = Debug|Any CPU
		{19D8BE59-6FE8-5F8D-3212-15A73121F35E}.Release|Any CPU.ActiveCfg = Release|Any CPU
		{19D8BE59-6FE8-5F8D-3212-15A73121F35E}.Release|Any CPU.Build.0 = Release|Any CPU
		{1C1BC99E-966C-8FFB-B46C-8EB7E52CFD54}.Debug|Any CPU.ActiveCfg = Debug|Any CPU
		{1C1BC99E-966C-8FFB-B46C-8EB7E52CFD54}.Debug|Any CPU.Build.0 = Debug|Any CPU
		{1C1BC99E-966C-8FFB-B46C-8EB7E52CFD54}.Release|Any CPU.ActiveCfg = Release|Any CPU
		{1C1BC99E-966C-8FFB-B46C-8EB7E52CFD54}.Release|Any CPU.Build.0 = Release|Any CPU
		{038C4494-E314-AEE9-109F-75E612C6A4CE}.Debug|Any CPU.ActiveCfg = Debug|Any CPU
		{038C4494-E314-AEE9-109F-75E612C6A4CE}.Debug|Any CPU.Build.0 = Debug|Any CPU
		{038C4494-E314-AEE9-109F-75E612C6A4CE}.Release|Any CPU.ActiveCfg = Release|Any CPU
		{038C4494-E314-AEE9-109F-75E612C6A4CE}.Release|Any CPU.Build.0 = Release|Any CPU
		{393F5810-E3AD-DFEC-75C7-2E2100B1722C}.Debug|Any CPU.ActiveCfg = Debug|Any CPU
		{393F5810-E3AD-DFEC-75C7-2E2100B1722C}.Debug|Any CPU.Build.0 = Debug|Any CPU
		{393F5810-E3AD-DFEC-75C7-2E2100B1722C}.Release|Any CPU.ActiveCfg = Release|Any CPU
		{393F5810-E3AD-DFEC-75C7-2E2100B1722C}.Release|Any CPU.Build.0 = Release|Any CPU
		{55536AB4-91D7-D561-C8B5-736CF809C7DB}.Debug|Any CPU.ActiveCfg = Debug|Any CPU
		{55536AB4-91D7-D561-C8B5-736CF809C7DB}.Debug|Any CPU.Build.0 = Debug|Any CPU
		{55536AB4-91D7-D561-C8B5-736CF809C7DB}.Release|Any CPU.ActiveCfg = Release|Any CPU
		{55536AB4-91D7-D561-C8B5-736CF809C7DB}.Release|Any CPU.Build.0 = Release|Any CPU
	EndGlobalSection
	GlobalSection(SolutionProperties) = preSolution
		HideSolutionNode = FALSE
	EndGlobalSection
EndGlobal
