
Microsoft Visual Studio Solution File, Format Version 12.00
# Visual Studio 15
Project("{FAE04EC0-301F-11D3-BF4B-00C04F79EFBC}") = "SteamVR", "SteamVR.csproj", "{D0B4E51C-BA1A-5FCB-F2E9-159179083C75}"
EndProject
Project("{FAE04EC0-301F-11D3-BF4B-00C04F79EFBC}") = "Assembly-CSharp", "Assembly-CSharp.csproj", "{ED5DEB94-33B7-AE05-4A4A-EDB61C04C6B7}"
EndProject
Project("{FAE04EC0-301F-11D3-BF4B-00C04F79EFBC}") = "SteamVR_Actions", "SteamVR_Actions.csproj", "{2F7CEA4E-10BD-F489-2D83-40272EBEBFC0}"
EndProject
Project("{FAE04EC0-301F-11D3-BF4B-00C04F79EFBC}") = "SteamVR_Editor", "SteamVR_Editor.csproj", "{8CA37799-F550-11ED-98BB-912BDBA01394}"
EndProject
Project("{FAE04EC0-301F-11D3-BF4B-00C04F79EFBC}") = "SteamVR_Input_Editor", "SteamVR_Input_Editor.csproj", "{D4650411-6BCC-6961-DB64-184AE64ECC40}"
EndProject
Project("{FAE04EC0-301F-11D3-BF4B-00C04F79EFBC}") = "SteamVR_Windows_EditorHelper", "SteamVR_Windows_EditorHelper.csproj", "{73A61534-F233-5444-3FF8-29BE3DFB0C93}"
EndProject
Global
	GlobalSection(SolutionConfigurationPlatforms) = preSolution
		Debug|Any CPU = Debug|Any CPU
		Release|Any CPU = Release|Any CPU
	EndGlobalSection
	GlobalSection(ProjectConfigurationPlatforms) = postSolution
		{D0B4E51C-BA1A-5FCB-F2E9-159179083C75}.Debug|Any CPU.ActiveCfg = Debug|Any CPU
		{D0B4E51C-BA1A-5FCB-F2E9-159179083C75}.Debug|Any CPU.Build.0 = Debug|Any CPU
		{D0B4E51C-BA1A-5FCB-F2E9-159179083C75}.Release|Any CPU.ActiveCfg = Release|Any CPU
		{D0B4E51C-BA1A-5FCB-F2E9-159179083C75}.Release|Any CPU.Build.0 = Release|Any CPU
		{ED5DEB94-33B7-AE05-4A4A-EDB61C04C6B7}.Debug|Any CPU.ActiveCfg = Debug|Any CPU
		{ED5DEB94-33B7-AE05-4A4A-EDB61C04C6B7}.Debug|Any CPU.Build.0 = Debug|Any CPU
		{ED5DEB94-33B7-AE05-4A4A-EDB61C04C6B7}.Release|Any CPU.ActiveCfg = Release|Any CPU
		{ED5DEB94-33B7-AE05-4A4A-EDB61C04C6B7}.Release|Any CPU.Build.0 = Release|Any CPU
		{2F7CEA4E-10BD-F489-2D83-40272EBEBFC0}.Debug|Any CPU.ActiveCfg = Debug|Any CPU
		{2F7CEA4E-10BD-F489-2D83-40272EBEBFC0}.Debug|Any CPU.Build.0 = Debug|Any CPU
		{2F7CEA4E-10BD-F489-2D83-40272EBEBFC0}.Release|Any CPU.ActiveCfg = Release|Any CPU
		{2F7CEA4E-10BD-F489-2D83-40272EBEBFC0}.Release|Any CPU.Build.0 = Release|Any CPU
		{8CA37799-F550-11ED-98BB-912BDBA01394}.Debug|Any CPU.ActiveCfg = Debug|Any CPU
		{8CA37799-F550-11ED-98BB-912BDBA01394}.Debug|Any CPU.Build.0 = Debug|Any CPU
		{8CA37799-F550-11ED-98BB-912BDBA01394}.Release|Any CPU.ActiveCfg = Release|Any CPU
		{8CA37799-F550-11ED-98BB-912BDBA01394}.Release|Any CPU.Build.0 = Release|Any CPU
		{D4650411-6BCC-6961-DB64-184AE64ECC40}.Debug|Any CPU.ActiveCfg = Debug|Any CPU
		{D4650411-6BCC-6961-DB64-184AE64ECC40}.Debug|Any CPU.Build.0 = Debug|Any CPU
		{D4650411-6BCC-6961-DB64-184AE64ECC40}.Release|Any CPU.ActiveCfg = Release|Any CPU
		{D4650411-6BCC-6961-DB64-184AE64ECC40}.Release|Any CPU.Build.0 = Release|Any CPU
		{73A61534-F233-5444-3FF8-29BE3DFB0C93}.Debug|Any CPU.ActiveCfg = Debug|Any CPU
		{73A61534-F233-5444-3FF8-29BE3DFB0C93}.Debug|Any CPU.Build.0 = Debug|Any CPU
		{73A61534-F233-5444-3FF8-29BE3DFB0C93}.Release|Any CPU.ActiveCfg = Release|Any CPU
		{73A61534-F233-5444-3FF8-29BE3DFB0C93}.Release|Any CPU.Build.0 = Release|Any CPU
	EndGlobalSection
	GlobalSection(SolutionProperties) = preSolution
		HideSolutionNode = FALSE
	EndGlobalSection
EndGlobal
